
Microsoft Visual Studio Solution File, Format Version 12.00
# Visual Studio Version 17
VisualStudioVersion = 17.8.34330.188
MinimumVisualStudioVersion = 10.0.40219.1
Project("{9A19103F-16F7-4668-BE54-9A1E7A4F7556}") = "Webhook Message", "Webhook Message\Webhook Message.csproj", "{FFD21550-3A9C-4AF2-B4B5-962A0DED5783}"
EndProject
Project("{9A19103F-16F7-4668-BE54-9A1E7A4F7556}") = "DataverseAzureFunctionsCommon", "DataverseAzureFunctionsCommon\DataverseAzureFunctionsCommon.csproj", "{A730C978-2361-4047-875C-7B6D75EE0AD6}"
EndProject
Project("{FAE04EC0-301F-11D3-BF4B-00C04F79EFBC}") = "ServiceBusMessages", "ServiceBusMessages\ServiceBusMessages.csproj", "{6E1C1743-F49D-4DA7-96FA-C906B15FA071}"
EndProject
Global
	GlobalSection(SolutionConfigurationPlatforms) = preSolution
		Debug|Any CPU = Debug|Any CPU
		Release|Any CPU = Release|Any CPU
	EndGlobalSection
	GlobalSection(ProjectConfigurationPlatforms) = postSolution
		{FFD21550-3A9C-4AF2-B4B5-962A0DED5783}.Debug|Any CPU.ActiveCfg = Debug|Any CPU
		{FFD21550-3A9C-4AF2-B4B5-962A0DED5783}.Debug|Any CPU.Build.0 = Debug|Any CPU
		{FFD21550-3A9C-4AF2-B4B5-962A0DED5783}.Release|Any CPU.ActiveCfg = Release|Any CPU
		{FFD21550-3A9C-4AF2-B4B5-962A0DED5783}.Release|Any CPU.Build.0 = Release|Any CPU
		{A730C978-2361-4047-875C-7B6D75EE0AD6}.Debug|Any CPU.ActiveCfg = Debug|Any CPU
		{A730C978-2361-4047-875C-7B6D75EE0AD6}.Debug|Any CPU.Build.0 = Debug|Any CPU
		{A730C978-2361-4047-875C-7B6D75EE0AD6}.Release|Any CPU.ActiveCfg = Release|Any CPU
		{A730C978-2361-4047-875C-7B6D75EE0AD6}.Release|Any CPU.Build.0 = Release|Any CPU
		{6E1C1743-F49D-4DA7-96FA-C906B15FA071}.Debug|Any CPU.ActiveCfg = Debug|Any CPU
		{6E1C1743-F49D-4DA7-96FA-C906B15FA071}.Debug|Any CPU.Build.0 = Debug|Any CPU
		{6E1C1743-F49D-4DA7-96FA-C906B15FA071}.Release|Any CPU.ActiveCfg = Release|Any CPU
		{6E1C1743-F49D-4DA7-96FA-C906B15FA071}.Release|Any CPU.Build.0 = Release|Any CPU
	EndGlobalSection
	GlobalSection(SolutionProperties) = preSolution
		HideSolutionNode = FALSE
	EndGlobalSection
	GlobalSection(ExtensibilityGlobals) = postSolution
		SolutionGuid = {24EA9C63-001E-4A94-93C9-913D37D62249}
	EndGlobalSection
EndGlobal
